
Microsoft Visual Studio Solution File, Format Version 11.00
# Visual Studio 2010
Project("{FAE04EC0-301F-11D3-BF4B-00C04F79EFBC}") = "ElevateHandler", "ElevateHandler\ElevateHandler.csproj", "{C8612D26-61C7-4AE5-9E51-9BB42C0544E9}"
EndProject
Global
	GlobalSection(SolutionConfigurationPlatforms) = preSolution
		Debug|x86 = Debug|x86
		Release|x86 = Release|x86
	EndGlobalSection
	GlobalSection(ProjectConfigurationPlatforms) = postSolution
		{C8612D26-61C7-4AE5-9E51-9BB42C0544E9}.Debug|x86.ActiveCfg = Debug|x86
		{C8612D26-61C7-4AE5-9E51-9BB42C0544E9}.Debug|x86.Build.0 = Debug|x86
		{C8612D26-61C7-4AE5-9E51-9BB42C0544E9}.Release|x86.ActiveCfg = Release|x86
		{C8612D26-61C7-4AE5-9E51-9BB42C0544E9}.Release|x86.Build.0 = Release|x86
	EndGlobalSection
	GlobalSection(SolutionProperties) = preSolution
		HideSolutionNode = FALSE
	EndGlobalSection
EndGlobal
